
Microsoft Visual Studio Solution File, Format Version 12.00
# Visual Studio Version 17
VisualStudioVersion = 17.14.36212.18 d17.14
MinimumVisualStudioVersion = 10.0.40219.1
Project("{FAE04EC0-301F-11D3-BF4B-00C04F79EFBC}") = "vinnipu", "vinnipu\vinnipu.csproj", "{17F0D4E4-0F8B-4013-A926-ACA1C1253017}"
EndProject
Global
	GlobalSection(SolutionConfigurationPlatforms) = preSolution
		Debug|Any CPU = Debug|Any CPU
		Release|Any CPU = Release|Any CPU
	EndGlobalSection
	GlobalSection(ProjectConfigurationPlatforms) = postSolution
		{17F0D4E4-0F8B-4013-A926-ACA1C1253017}.Debug|Any CPU.ActiveCfg = Debug|Any CPU
		{17F0D4E4-0F8B-4013-A926-ACA1C1253017}.Debug|Any CPU.Build.0 = Debug|Any CPU
		{17F0D4E4-0F8B-4013-A926-ACA1C1253017}.Release|Any CPU.ActiveCfg = Release|Any CPU
		{17F0D4E4-0F8B-4013-A926-ACA1C1253017}.Release|Any CPU.Build.0 = Release|Any CPU
	EndGlobalSection
	GlobalSection(SolutionProperties) = preSolution
		HideSolutionNode = FALSE
	EndGlobalSection
	GlobalSection(ExtensibilityGlobals) = postSolution
		SolutionGuid = {4C0927B7-5BA5-4412-93B4-12E2B4568499}
	EndGlobalSection
EndGlobal
